// !$*UTF8*$!
{
	archiveVersion = 1;
	classes = {
	};
	objectVersion = 56;
	objects = {

/* Begin PBXBuildFile section */
		F81A40092C5EFCBF00E297B0 /* InstafilterApp.swift in Sources */ = {isa = PBXBuildFile; fileRef = F81A40082C5EFCBF00E297B0 /* InstafilterApp.swift */; };
		F81A400B2C5EFCBF00E297B0 /* OnChangeContentView.swift in Sources */ = {isa = PBXBuildFile; fileRef = F81A400A2C5EFCBF00E297B0 /* OnChangeContentView.swift */; };
		F81A400D2C5EFCC000E297B0 /* Assets.xcassets in Resources */ = {isa = PBXBuildFile; fileRef = F81A400C2C5EFCC000E297B0 /* Assets.xcassets */; };
		F81A40102C5EFCC000E297B0 /* Preview Assets.xcassets in Resources */ = {isa = PBXBuildFile; fileRef = F81A400F2C5EFCC000E297B0 /* Preview Assets.xcassets */; };
		F81A401A2C5F03C800E297B0 /* ConfirmationContentView.swift in Sources */ = {isa = PBXBuildFile; fileRef = F81A40192C5F03C800E297B0 /* ConfirmationContentView.swift */; };
		F8A2AD9A2C61B41A00D080E5 /* PhotoLibrarySingleContentView.swift in Sources */ = {isa = PBXBuildFile; fileRef = F8A2AD992C61B41A00D080E5 /* PhotoLibrarySingleContentView.swift */; };
		F8A2AD9C2C61B55700D080E5 /* PthotoLibraryMultipleContentView.swift in Sources */ = {isa = PBXBuildFile; fileRef = F8A2AD9B2C61B55700D080E5 /* PthotoLibraryMultipleContentView.swift */; };
		F8A2AD9E2C61B72400D080E5 /* ShareLinkContentView.swift in Sources */ = {isa = PBXBuildFile; fileRef = F8A2AD9D2C61B72400D080E5 /* ShareLinkContentView.swift */; };
		F8A2ADA02C61BB0800D080E5 /* StoreReviewContentView.swift in Sources */ = {isa = PBXBuildFile; fileRef = F8A2AD9F2C61BB0800D080E5 /* StoreReviewContentView.swift */; };
		F8A2ADA32C61BC7300D080E5 /* ContentView.swift in Sources */ = {isa = PBXBuildFile; fileRef = F8A2ADA22C61BC7300D080E5 /* ContentView.swift */; };
/* End PBXBuildFile section */

/* Begin PBXFileReference section */
		F81A40052C5EFCBF00E297B0 /* Instafilter.app */ = {isa = PBXFileReference; explicitFileType = wrapper.application; includeInIndex = 0; path = Instafilter.app; sourceTree = BUILT_PRODUCTS_DIR; };
		F81A40082C5EFCBF00E297B0 /* InstafilterApp.swift */ = {isa = PBXFileReference; lastKnownFileType = sourcecode.swift; path = InstafilterApp.swift; sourceTree = "<group>"; };
		F81A400A2C5EFCBF00E297B0 /* OnChangeContentView.swift */ = {isa = PBXFileReference; lastKnownFileType = sourcecode.swift; path = OnChangeContentView.swift; sourceTree = "<group>"; };
		F81A400C2C5EFCC000E297B0 /* Assets.xcassets */ = {isa = PBXFileReference; lastKnownFileType = folder.assetcatalog; path = Assets.xcassets; sourceTree = "<group>"; };
		F81A400F2C5EFCC000E297B0 /* Preview Assets.xcassets */ = {isa = PBXFileReference; lastKnownFileType = folder.assetcatalog; path = "Preview Assets.xcassets"; sourceTree = "<group>"; };
		F81A40192C5F03C800E297B0 /* ConfirmationContentView.swift */ = {isa = PBXFileReference; lastKnownFileType = sourcecode.swift; path = ConfirmationContentView.swift; sourceTree = "<group>"; };
		F8A2AD992C61B41A00D080E5 /* PhotoLibrarySingleContentView.swift */ = {isa = PBXFileReference; lastKnownFileType = sourcecode.swift; path = PhotoLibrarySingleContentView.swift; sourceTree = "<group>"; };
		F8A2AD9B2C61B55700D080E5 /* PthotoLibraryMultipleContentView.swift */ = {isa = PBXFileReference; lastKnownFileType = sourcecode.swift; path = PthotoLibraryMultipleContentView.swift; sourceTree = "<group>"; };
		F8A2AD9D2C61B72400D080E5 /* ShareLinkContentView.swift */ = {isa = PBXFileReference; lastKnownFileType = sourcecode.swift; path = ShareLinkContentView.swift; sourceTree = "<group>"; };
		F8A2AD9F2C61BB0800D080E5 /* StoreReviewContentView.swift */ = {isa = PBXFileReference; lastKnownFileType = sourcecode.swift; path = StoreReviewContentView.swift; sourceTree = "<group>"; };
		F8A2ADA22C61BC7300D080E5 /* ContentView.swift */ = {isa = PBXFileReference; lastKnownFileType = sourcecode.swift; path = ContentView.swift; sourceTree = "<group>"; };
/* End PBXFileReference section */

/* Begin PBXFrameworksBuildPhase section */
		F81A40022C5EFCBF00E297B0 /* Frameworks */ = {
			isa = PBXFrameworksBuildPhase;
			buildActionMask = 2147483647;
			files = (
			);
			runOnlyForDeploymentPostprocessing = 0;
		};
/* End PBXFrameworksBuildPhase section */

/* Begin PBXGroup section */
		F81A3FFC2C5EFCBF00E297B0 = {
			isa = PBXGroup;
			children = (
				F81A40072C5EFCBF00E297B0 /* Instafilter */,
				F81A40062C5EFCBF00E297B0 /* Products */,
			);
			sourceTree = "<group>";
		};
		F81A40062C5EFCBF00E297B0 /* Products */ = {
			isa = PBXGroup;
			children = (
				F81A40052C5EFCBF00E297B0 /* Instafilter.app */,
			);
			name = Products;
			sourceTree = "<group>";
		};
		F81A40072C5EFCBF00E297B0 /* Instafilter */ = {
			isa = PBXGroup;
			children = (
				F81A40182C5F039400E297B0 /* Models */,
				F81A40172C5F039200E297B0 /* Views */,
				F81A40162C5F038E00E297B0 /* ViewModels */,
				F81A40082C5EFCBF00E297B0 /* InstafilterApp.swift */,
				F81A400C2C5EFCC000E297B0 /* Assets.xcassets */,
				F81A400E2C5EFCC000E297B0 /* Preview Content */,
			);
			path = Instafilter;
			sourceTree = "<group>";
		};
		F81A400E2C5EFCC000E297B0 /* Preview Content */ = {
			isa = PBXGroup;
			children = (
				F81A400F2C5EFCC000E297B0 /* Preview Assets.xcassets */,
			);
			path = "Preview Content";
			sourceTree = "<group>";
		};
		F81A40162C5F038E00E297B0 /* ViewModels */ = {
			isa = PBXGroup;
			children = (
			);
			path = ViewModels;
			sourceTree = "<group>";
		};
		F81A40172C5F039200E297B0 /* Views */ = {
			isa = PBXGroup;
			children = (
				F8A2ADA12C61BC4200D080E5 /* Playground */,
				F8A2ADA22C61BC7300D080E5 /* ContentView.swift */,
			);
			path = Views;
			sourceTree = "<group>";
		};
		F81A40182C5F039400E297B0 /* Models */ = {
			isa = PBXGroup;
			children = (
			);
			path = Models;
			sourceTree = "<group>";
		};
		F8A2ADA12C61BC4200D080E5 /* Playground */ = {
			isa = PBXGroup;
			children = (
				F81A400A2C5EFCBF00E297B0 /* OnChangeContentView.swift */,
				F81A40192C5F03C800E297B0 /* ConfirmationContentView.swift */,
				F8A2AD992C61B41A00D080E5 /* PhotoLibrarySingleContentView.swift */,
				F8A2AD9B2C61B55700D080E5 /* PthotoLibraryMultipleContentView.swift */,
				F8A2AD9D2C61B72400D080E5 /* ShareLinkContentView.swift */,
				F8A2AD9F2C61BB0800D080E5 /* StoreReviewContentView.swift */,
			);
			path = Playground;
			sourceTree = "<group>";
		};
/* End PBXGroup section */

/* Begin PBXNativeTarget section */
		F81A40042C5EFCBF00E297B0 /* Instafilter */ = {
			isa = PBXNativeTarget;
			buildConfigurationList = F81A40132C5EFCC000E297B0 /* Build configuration list for PBXNativeTarget "Instafilter" */;
			buildPhases = (
				F81A40012C5EFCBF00E297B0 /* Sources */,
				F81A40022C5EFCBF00E297B0 /* Frameworks */,
				F81A40032C5EFCBF00E297B0 /* Resources */,
			);
			buildRules = (
			);
			dependencies = (
			);
			name = Instafilter;
			productName = Instafilter;
			productReference = F81A40052C5EFCBF00E297B0 /* Instafilter.app */;
			productType = "com.apple.product-type.application";
		};
/* End PBXNativeTarget section */

/* Begin PBXProject section */
		F81A3FFD2C5EFCBF00E297B0 /* Project object */ = {
			isa = PBXProject;
			attributes = {
				BuildIndependentTargetsInParallel = 1;
				LastSwiftUpdateCheck = 1520;
				LastUpgradeCheck = 1520;
				TargetAttributes = {
					F81A40042C5EFCBF00E297B0 = {
						CreatedOnToolsVersion = 15.2;
					};
				};
			};
			buildConfigurationList = F81A40002C5EFCBF00E297B0 /* Build configuration list for PBXProject "Instafilter" */;
			compatibilityVersion = "Xcode 14.0";
			developmentRegion = en;
			hasScannedForEncodings = 0;
			knownRegions = (
				en,
				Base,
			);
			mainGroup = F81A3FFC2C5EFCBF00E297B0;
			productRefGroup = F81A40062C5EFCBF00E297B0 /* Products */;
			projectDirPath = "";
			projectRoot = "";
			targets = (
				F81A40042C5EFCBF00E297B0 /* Instafilter */,
			);
		};
/* End PBXProject section */

/* Begin PBXResourcesBuildPhase section */
		F81A40032C5EFCBF00E297B0 /* Resources */ = {
			isa = PBXResourcesBuildPhase;
			buildActionMask = 2147483647;
			files = (
				F81A40102C5EFCC000E297B0 /* Preview Assets.xcassets in Resources */,
				F81A400D2C5EFCC000E297B0 /* Assets.xcassets in Resources */,
			);
			runOnlyForDeploymentPostprocessing = 0;
		};
/* End PBXResourcesBuildPhase section */

/* Begin PBXSourcesBuildPhase section */
		F81A40012C5EFCBF00E297B0 /* Sources */ = {
			isa = PBXSourcesBuildPhase;
			buildActionMask = 2147483647;
			files = (
				F81A400B2C5EFCBF00E297B0 /* OnChangeContentView.swift in Sources */,
				F8A2AD9A2C61B41A00D080E5 /* PhotoLibrarySingleContentView.swift in Sources */,
				F8A2ADA32C61BC7300D080E5 /* ContentView.swift in Sources */,
				F81A401A2C5F03C800E297B0 /* ConfirmationContentView.swift in Sources */,
				F81A40092C5EFCBF00E297B0 /* InstafilterApp.swift in Sources */,
				F8A2ADA02C61BB0800D080E5 /* StoreReviewContentView.swift in Sources */,
				F8A2AD9E2C61B72400D080E5 /* ShareLinkContentView.swift in Sources */,
				F8A2AD9C2C61B55700D080E5 /* PthotoLibraryMultipleContentView.swift in Sources */,
			);
			runOnlyForDeploymentPostprocessing = 0;
		};
/* End PBXSourcesBuildPhase section */

/* Begin XCBuildConfiguration section */
		F81A40112C5EFCC000E297B0 /* Debug */ = {
			isa = XCBuildConfiguration;
			buildSettings = {
				ALWAYS_SEARCH_USER_PATHS = NO;
				ASSETCATALOG_COMPILER_GENERATE_SWIFT_ASSET_SYMBOL_EXTENSIONS = YES;
				CLANG_ANALYZER_NONNULL = YES;
				CLANG_ANALYZER_NUMBER_OBJECT_CONVERSION = YES_AGGRESSIVE;
				CLANG_CXX_LANGUAGE_STANDARD = "gnu++20";
				CLANG_ENABLE_MODULES = YES;
				CLANG_ENABLE_OBJC_ARC = YES;
				CLANG_ENABLE_OBJC_WEAK = YES;
				CLANG_WARN_BLOCK_CAPTURE_AUTORELEASING = YES;
				CLANG_WARN_BOOL_CONVERSION = YES;
				CLANG_WARN_COMMA = YES;
				CLANG_WARN_CONSTANT_CONVERSION = YES;
				CLANG_WARN_DEPRECATED_OBJC_IMPLEMENTATIONS = YES;
				CLANG_WARN_DIRECT_OBJC_ISA_USAGE = YES_ERROR;
				CLANG_WARN_DOCUMENTATION_COMMENTS = YES;
				CLANG_WARN_EMPTY_BODY = YES;
				CLANG_WARN_ENUM_CONVERSION = YES;
				CLANG_WARN_INFINITE_RECURSION = YES;
				CLANG_WARN_INT_CONVERSION = YES;
				CLANG_WARN_NON_LITERAL_NULL_CONVERSION = YES;
				CLANG_WARN_OBJC_IMPLICIT_RETAIN_SELF = YES;
				CLANG_WARN_OBJC_LITERAL_CONVERSION = YES;
				CLANG_WARN_OBJC_ROOT_CLASS = YES_ERROR;
				CLANG_WARN_QUOTED_INCLUDE_IN_FRAMEWORK_HEADER = YES;
				CLANG_WARN_RANGE_LOOP_ANALYSIS = YES;
				CLANG_WARN_STRICT_PROTOTYPES = YES;
				CLANG_WARN_SUSPICIOUS_MOVE = YES;
				CLANG_WARN_UNGUARDED_AVAILABILITY = YES_AGGRESSIVE;
				CLANG_WARN_UNREACHABLE_CODE = YES;
				CLANG_WARN__DUPLICATE_METHOD_MATCH = YES;
				COPY_PHASE_STRIP = NO;
				DEBUG_INFORMATION_FORMAT = dwarf;
				ENABLE_STRICT_OBJC_MSGSEND = YES;
				ENABLE_TESTABILITY = YES;
				ENABLE_USER_SCRIPT_SANDBOXING = YES;
				GCC_C_LANGUAGE_STANDARD = gnu17;
				GCC_DYNAMIC_NO_PIC = NO;
				GCC_NO_COMMON_BLOCKS = YES;
				GCC_OPTIMIZATION_LEVEL = 0;
				GCC_PREPROCESSOR_DEFINITIONS = (
					"DEBUG=1",
					"$(inherited)",
				);
				GCC_WARN_64_TO_32_BIT_CONVERSION = YES;
				GCC_WARN_ABOUT_RETURN_TYPE = YES_ERROR;
				GCC_WARN_UNDECLARED_SELECTOR = YES;
				GCC_WARN_UNINITIALIZED_AUTOS = YES_AGGRESSIVE;
				GCC_WARN_UNUSED_FUNCTION = YES;
				GCC_WARN_UNUSED_VARIABLE = YES;
				IPHONEOS_DEPLOYMENT_TARGET = 17.2;
				LOCALIZATION_PREFERS_STRING_CATALOGS = YES;
				MTL_ENABLE_DEBUG_INFO = INCLUDE_SOURCE;
				MTL_FAST_MATH = YES;
				ONLY_ACTIVE_ARCH = YES;
				SDKROOT = iphoneos;
				SWIFT_ACTIVE_COMPILATION_CONDITIONS = "DEBUG $(inherited)";
				SWIFT_OPTIMIZATION_LEVEL = "-Onone";
			};
			name = Debug;
		};
		F81A40122C5EFCC000E297B0 /* Release */ = {
			isa = XCBuildConfiguration;
			buildSettings = {
				ALWAYS_SEARCH_USER_PATHS = NO;
				ASSETCATALOG_COMPILER_GENERATE_SWIFT_ASSET_SYMBOL_EXTENSIONS = YES;
				CLANG_ANALYZER_NONNULL = YES;
				CLANG_ANALYZER_NUMBER_OBJECT_CONVERSION = YES_AGGRESSIVE;
				CLANG_CXX_LANGUAGE_STANDARD = "gnu++20";
				CLANG_ENABLE_MODULES = YES;
				CLANG_ENABLE_OBJC_ARC = YES;
				CLANG_ENABLE_OBJC_WEAK = YES;
				CLANG_WARN_BLOCK_CAPTURE_AUTORELEASING = YES;
				CLANG_WARN_BOOL_CONVERSION = YES;
				CLANG_WARN_COMMA = YES;
				CLANG_WARN_CONSTANT_CONVERSION = YES;
				CLANG_WARN_DEPRECATED_OBJC_IMPLEMENTATIONS = YES;
				CLANG_WARN_DIRECT_OBJC_ISA_USAGE = YES_ERROR;
				CLANG_WARN_DOCUMENTATION_COMMENTS = YES;
				CLANG_WARN_EMPTY_BODY = YES;
				CLANG_WARN_ENUM_CONVERSION = YES;
				CLANG_WARN_INFINITE_RECURSION = YES;
				CLANG_WARN_INT_CONVERSION = YES;
				CLANG_WARN_NON_LITERAL_NULL_CONVERSION = YES;
				CLANG_WARN_OBJC_IMPLICIT_RETAIN_SELF = YES;
				CLANG_WARN_OBJC_LITERAL_CONVERSION = YES;
				CLANG_WARN_OBJC_ROOT_CLASS = YES_ERROR;
				CLANG_WARN_QUOTED_INCLUDE_IN_FRAMEWORK_HEADER = YES;
				CLANG_WARN_RANGE_LOOP_ANALYSIS = YES;
				CLANG_WARN_STRICT_PROTOTYPES = YES;
				CLANG_WARN_SUSPICIOUS_MOVE = YES;
				CLANG_WARN_UNGUARDED_AVAILABILITY = YES_AGGRESSIVE;
				CLANG_WARN_UNREACHABLE_CODE = YES;
				CLANG_WARN__DUPLICATE_METHOD_MATCH = YES;
				COPY_PHASE_STRIP = NO;
				DEBUG_INFORMATION_FORMAT = "dwarf-with-dsym";
				ENABLE_NS_ASSERTIONS = NO;
				ENABLE_STRICT_OBJC_MSGSEND = YES;
				ENABLE_USER_SCRIPT_SANDBOXING = YES;
				GCC_C_LANGUAGE_STANDARD = gnu17;
				GCC_NO_COMMON_BLOCKS = YES;
				GCC_WARN_64_TO_32_BIT_CONVERSION = YES;
				GCC_WARN_ABOUT_RETURN_TYPE = YES_ERROR;
				GCC_WARN_UNDECLARED_SELECTOR = YES;
				GCC_WARN_UNINITIALIZED_AUTOS = YES_AGGRESSIVE;
				GCC_WARN_UNUSED_FUNCTION = YES;
				GCC_WARN_UNUSED_VARIABLE = YES;
				IPHONEOS_DEPLOYMENT_TARGET = 17.2;
				LOCALIZATION_PREFERS_STRING_CATALOGS = YES;
				MTL_ENABLE_DEBUG_INFO = NO;
				MTL_FAST_MATH = YES;
				SDKROOT = iphoneos;
				SWIFT_COMPILATION_MODE = wholemodule;
				VALIDATE_PRODUCT = YES;
			};
			name = Release;
		};
		F81A40142C5EFCC000E297B0 /* Debug */ = {
			isa = XCBuildConfiguration;
			buildSettings = {
				ASSETCATALOG_COMPILER_APPICON_NAME = AppIcon;
				ASSETCATALOG_COMPILER_GLOBAL_ACCENT_COLOR_NAME = AccentColor;
				CODE_SIGN_STYLE = Automatic;
				CURRENT_PROJECT_VERSION = 1;
				DEVELOPMENT_ASSET_PATHS = "\"Instafilter/Preview Content\"";
				DEVELOPMENT_TEAM = G6HATL4S2M;
				ENABLE_PREVIEWS = YES;
				GENERATE_INFOPLIST_FILE = YES;
				INFOPLIST_KEY_UIApplicationSceneManifest_Generation = YES;
				INFOPLIST_KEY_UIApplicationSupportsIndirectInputEvents = YES;
				INFOPLIST_KEY_UILaunchScreen_Generation = YES;
				INFOPLIST_KEY_UISupportedInterfaceOrientations_iPad = "UIInterfaceOrientationPortrait UIInterfaceOrientationPortraitUpsideDown UIInterfaceOrientationLandscapeLeft UIInterfaceOrientationLandscapeRight";
				INFOPLIST_KEY_UISupportedInterfaceOrientations_iPhone = "UIInterfaceOrientationPortrait UIInterfaceOrientationLandscapeLeft UIInterfaceOrientationLandscapeRight";
				LD_RUNPATH_SEARCH_PATHS = (
					"$(inherited)",
					"@executable_path/Frameworks",
				);
				MARKETING_VERSION = 1.0;
				PRODUCT_BUNDLE_IDENTIFIER = br.com.shaft.Instafilter;
				PRODUCT_NAME = "$(TARGET_NAME)";
				SWIFT_EMIT_LOC_STRINGS = YES;
				SWIFT_VERSION = 5.0;
				TARGETED_DEVICE_FAMILY = "1,2";
			};
			name = Debug;
		};
		F81A40152C5EFCC000E297B0 /* Release */ = {
			isa = XCBuildConfiguration;
			buildSettings = {
				ASSETCATALOG_COMPILER_APPICON_NAME = AppIcon;
				ASSETCATALOG_COMPILER_GLOBAL_ACCENT_COLOR_NAME = AccentColor;
				CODE_SIGN_STYLE = Automatic;
				CURRENT_PROJECT_VERSION = 1;
				DEVELOPMENT_ASSET_PATHS = "\"Instafilter/Preview Content\"";
				DEVELOPMENT_TEAM = G6HATL4S2M;
				ENABLE_PREVIEWS = YES;
				GENERATE_INFOPLIST_FILE = YES;
				INFOPLIST_KEY_UIApplicationSceneManifest_Generation = YES;
				INFOPLIST_KEY_UIApplicationSupportsIndirectInputEvents = YES;
				INFOPLIST_KEY_UILaunchScreen_Generation = YES;
				INFOPLIST_KEY_UISupportedInterfaceOrientations_iPad = "UIInterfaceOrientationPortrait UIInterfaceOrientationPortraitUpsideDown UIInterfaceOrientationLandscapeLeft UIInterfaceOrientationLandscapeRight";
				INFOPLIST_KEY_UISupportedInterfaceOrientations_iPhone = "UIInterfaceOrientationPortrait UIInterfaceOrientationLandscapeLeft UIInterfaceOrientationLandscapeRight";
				LD_RUNPATH_SEARCH_PATHS = (
					"$(inherited)",
					"@executable_path/Frameworks",
				);
				MARKETING_VERSION = 1.0;
				PRODUCT_BUNDLE_IDENTIFIER = br.com.shaft.Instafilter;
				PRODUCT_NAME = "$(TARGET_NAME)";
				SWIFT_EMIT_LOC_STRINGS = YES;
				SWIFT_VERSION = 5.0;
				TARGETED_DEVICE_FAMILY = "1,2";
			};
			name = Release;
		};
/* End XCBuildConfiguration section */

/* Begin XCConfigurationList section */
		F81A40002C5EFCBF00E297B0 /* Build configuration list for PBXProject "Instafilter" */ = {
			isa = XCConfigurationList;
			buildConfigurations = (
				F81A40112C5EFCC000E297B0 /* Debug */,
				F81A40122C5EFCC000E297B0 /* Release */,
			);
			defaultConfigurationIsVisible = 0;
			defaultConfigurationName = Release;
		};
		F81A40132C5EFCC000E297B0 /* Build configuration list for PBXNativeTarget "Instafilter" */ = {
			isa = XCConfigurationList;
			buildConfigurations = (
				F81A40142C5EFCC000E297B0 /* Debug */,
				F81A40152C5EFCC000E297B0 /* Release */,
			);
			defaultConfigurationIsVisible = 0;
			defaultConfigurationName = Release;
		};
/* End XCConfigurationList section */
	};
	rootObject = F81A3FFD2C5EFCBF00E297B0 /* Project object */;
}
